
Microsoft Visual Studio Solution File, Format Version 12.00
# Visual Studio Version 17
VisualStudioVersion = 17.6.33712.159
MinimumVisualStudioVersion = 10.0.40219.1
Project("{FAE04EC0-301F-11D3-BF4B-00C04F79EFBC}") = "WaterJugChallenge", "WaterJugChallenge.csproj", "{AC13FB51-53B8-46B3-BAA2-3E7C9161D3A6}"
EndProject
Global
	GlobalSection(SolutionConfigurationPlatforms) = preSolution
		Debug|Any CPU = Debug|Any CPU
		Release|Any CPU = Release|Any CPU
	EndGlobalSection
	GlobalSection(ProjectConfigurationPlatforms) = postSolution
		{AC13FB51-53B8-46B3-BAA2-3E7C9161D3A6}.Debug|Any CPU.ActiveCfg = Debug|Any CPU
		{AC13FB51-53B8-46B3-BAA2-3E7C9161D3A6}.Debug|Any CPU.Build.0 = Debug|Any CPU
		{AC13FB51-53B8-46B3-BAA2-3E7C9161D3A6}.Release|Any CPU.ActiveCfg = Release|Any CPU
		{AC13FB51-53B8-46B3-BAA2-3E7C9161D3A6}.Release|Any CPU.Build.0 = Release|Any CPU
	EndGlobalSection
	GlobalSection(SolutionProperties) = preSolution
		HideSolutionNode = FALSE
	EndGlobalSection
	GlobalSection(ExtensibilityGlobals) = postSolution
		SolutionGuid = {33642138-40BD-41E3-A8A0-61E2B7C43B36}
	EndGlobalSection
EndGlobal
